// !$*UTF8*$!
{
	archiveVersion = 1;
	classes = {
	};
	objectVersion = 50;
	objects = {

/* Begin PBXBuildFile section */
		AC7BB263217913EF00D9D09A /* InterfaceViewController.swift in Sources */ = {isa = PBXBuildFile; fileRef = AC7BB262217913EF00D9D09A /* InterfaceViewController.swift */; };
		FAAD3B63217A4C4400EFB519 /* SignUpButtons.swift in Sources */ = {isa = PBXBuildFile; fileRef = FAAD3B62217A4C4400EFB519 /* SignUpButtons.swift */; };
		FAC98F23217631CC00CE6CEC /* AppDelegate.swift in Sources */ = {isa = PBXBuildFile; fileRef = FAC98F22217631CC00CE6CEC /* AppDelegate.swift */; };
		FAC98F25217631CD00CE6CEC /* ViewController.swift in Sources */ = {isa = PBXBuildFile; fileRef = FAC98F24217631CD00CE6CEC /* ViewController.swift */; };
		FAC98F28217631CD00CE6CEC /* Main.storyboard in Resources */ = {isa = PBXBuildFile; fileRef = FAC98F26217631CD00CE6CEC /* Main.storyboard */; };
		FAC98F2A217631CE00CE6CEC /* Assets.xcassets in Resources */ = {isa = PBXBuildFile; fileRef = FAC98F29217631CE00CE6CEC /* Assets.xcassets */; };
		FAC98F2D217631CE00CE6CEC /* LaunchScreen.storyboard in Resources */ = {isa = PBXBuildFile; fileRef = FAC98F2B217631CE00CE6CEC /* LaunchScreen.storyboard */; };
		FAC98F352176321B00CE6CEC /* SigInViewController.swift in Sources */ = {isa = PBXBuildFile; fileRef = FAC98F342176321B00CE6CEC /* SigInViewController.swift */; };
		FACDCBBB2176819B006F1A98 /* User.swift in Sources */ = {isa = PBXBuildFile; fileRef = FACDCBBA2176819B006F1A98 /* User.swift */; };
/* End PBXBuildFile section */

/* Begin PBXFileReference section */
		AC7BB262217913EF00D9D09A /* InterfaceViewController.swift */ = {isa = PBXFileReference; lastKnownFileType = sourcecode.swift; path = InterfaceViewController.swift; sourceTree = "<group>"; };
		FAAD3B62217A4C4400EFB519 /* SignUpButtons.swift */ = {isa = PBXFileReference; lastKnownFileType = sourcecode.swift; path = SignUpButtons.swift; sourceTree = "<group>"; };
		FAC98F1F217631CC00CE6CEC /* login2.app */ = {isa = PBXFileReference; explicitFileType = wrapper.application; includeInIndex = 0; path = login2.app; sourceTree = BUILT_PRODUCTS_DIR; };
		FAC98F22217631CC00CE6CEC /* AppDelegate.swift */ = {isa = PBXFileReference; lastKnownFileType = sourcecode.swift; path = AppDelegate.swift; sourceTree = "<group>"; };
		FAC98F24217631CD00CE6CEC /* ViewController.swift */ = {isa = PBXFileReference; lastKnownFileType = sourcecode.swift; path = ViewController.swift; sourceTree = "<group>"; };
		FAC98F27217631CD00CE6CEC /* Base */ = {isa = PBXFileReference; lastKnownFileType = file.storyboard; name = Base; path = Base.lproj/Main.storyboard; sourceTree = "<group>"; };
		FAC98F29217631CE00CE6CEC /* Assets.xcassets */ = {isa = PBXFileReference; lastKnownFileType = folder.assetcatalog; path = Assets.xcassets; sourceTree = "<group>"; };
		FAC98F2C217631CE00CE6CEC /* Base */ = {isa = PBXFileReference; lastKnownFileType = file.storyboard; name = Base; path = Base.lproj/LaunchScreen.storyboard; sourceTree = "<group>"; };
		FAC98F2E217631CE00CE6CEC /* Info.plist */ = {isa = PBXFileReference; lastKnownFileType = text.plist.xml; path = Info.plist; sourceTree = "<group>"; };
		FAC98F342176321B00CE6CEC /* SigInViewController.swift */ = {isa = PBXFileReference; lastKnownFileType = sourcecode.swift; path = SigInViewController.swift; sourceTree = "<group>"; };
		FACDCBBA2176819B006F1A98 /* User.swift */ = {isa = PBXFileReference; lastKnownFileType = sourcecode.swift; path = User.swift; sourceTree = "<group>"; };
/* End PBXFileReference section */

/* Begin PBXFrameworksBuildPhase section */
		FAC98F1C217631CC00CE6CEC /* Frameworks */ = {
			isa = PBXFrameworksBuildPhase;
			buildActionMask = 2147483647;
			files = (
			);
			runOnlyForDeploymentPostprocessing = 0;
		};
/* End PBXFrameworksBuildPhase section */

/* Begin PBXGroup section */
		FAC98F16217631CC00CE6CEC = {
			isa = PBXGroup;
			children = (
				FAC98F21217631CC00CE6CEC /* login2 */,
				FAC98F20217631CC00CE6CEC /* Products */,
			);
			sourceTree = "<group>";
		};
		FAC98F20217631CC00CE6CEC /* Products */ = {
			isa = PBXGroup;
			children = (
				FAC98F1F217631CC00CE6CEC /* login2.app */,
			);
			name = Products;
			sourceTree = "<group>";
		};
		FAC98F21217631CC00CE6CEC /* login2 */ = {
			isa = PBXGroup;
			children = (
				FAC98F22217631CC00CE6CEC /* AppDelegate.swift */,
				FAC98F24217631CD00CE6CEC /* ViewController.swift */,
				FAC98F26217631CD00CE6CEC /* Main.storyboard */,
				FAC98F29217631CE00CE6CEC /* Assets.xcassets */,
				FAC98F2B217631CE00CE6CEC /* LaunchScreen.storyboard */,
				FAC98F2E217631CE00CE6CEC /* Info.plist */,
				FAC98F342176321B00CE6CEC /* SigInViewController.swift */,
				AC7BB262217913EF00D9D09A /* InterfaceViewController.swift */,
				FACDCBBA2176819B006F1A98 /* User.swift */,
				FAAD3B62217A4C4400EFB519 /* SignUpButtons.swift */,
			);
			path = login2;
			sourceTree = "<group>";
		};
/* End PBXGroup section */

/* Begin PBXNativeTarget section */
		FAC98F1E217631CC00CE6CEC /* login2 */ = {
			isa = PBXNativeTarget;
			buildConfigurationList = FAC98F31217631CE00CE6CEC /* Build configuration list for PBXNativeTarget "login2" */;
			buildPhases = (
				FAC98F1B217631CC00CE6CEC /* Sources */,
				FAC98F1C217631CC00CE6CEC /* Frameworks */,
				FAC98F1D217631CC00CE6CEC /* Resources */,
			);
			buildRules = (
			);
			dependencies = (
			);
			name = login2;
			productName = login2;
			productReference = FAC98F1F217631CC00CE6CEC /* login2.app */;
			productType = "com.apple.product-type.application";
		};
/* End PBXNativeTarget section */

/* Begin PBXProject section */
		FAC98F17217631CC00CE6CEC /* Project object */ = {
			isa = PBXProject;
			attributes = {
				LastSwiftUpdateCheck = 0940;
				LastUpgradeCheck = 0940;
				ORGANIZATIONNAME = Macbook;
				TargetAttributes = {
					FAC98F1E217631CC00CE6CEC = {
						CreatedOnToolsVersion = 9.4.1;
					};
				};
			};
			buildConfigurationList = FAC98F1A217631CC00CE6CEC /* Build configuration list for PBXProject "login2" */;
			compatibilityVersion = "Xcode 9.3";
			developmentRegion = en;
			hasScannedForEncodings = 0;
			knownRegions = (
				en,
				Base,
			);
			mainGroup = FAC98F16217631CC00CE6CEC;
			productRefGroup = FAC98F20217631CC00CE6CEC /* Products */;
			projectDirPath = "";
			projectRoot = "";
			targets = (
				FAC98F1E217631CC00CE6CEC /* login2 */,
			);
		};
/* End PBXProject section */

/* Begin PBXResourcesBuildPhase section */
		FAC98F1D217631CC00CE6CEC /* Resources */ = {
			isa = PBXResourcesBuildPhase;
			buildActionMask = 2147483647;
			files = (
				FAC98F2D217631CE00CE6CEC /* LaunchScreen.storyboard in Resources */,
				FAC98F2A217631CE00CE6CEC /* Assets.xcassets in Resources */,
				FAC98F28217631CD00CE6CEC /* Main.storyboard in Resources */,
			);
			runOnlyForDeploymentPostprocessing = 0;
		};
/* End PBXResourcesBuildPhase section */

/* Begin PBXSourcesBuildPhase section */
		FAC98F1B217631CC00CE6CEC /* Sources */ = {
			isa = PBXSourcesBuildPhase;
			buildActionMask = 2147483647;
			files = (
				FACDCBBB2176819B006F1A98 /* User.swift in Sources */,
				AC7BB263217913EF00D9D09A /* InterfaceViewController.swift in Sources */,
				FAC98F25217631CD00CE6CEC /* ViewController.swift in Sources */,
				FAC98F23217631CC00CE6CEC /* AppDelegate.swift in Sources */,
				FAC98F352176321B00CE6CEC /* SigInViewController.swift in Sources */,
				FAAD3B63217A4C4400EFB519 /* SignUpButtons.swift in Sources */,
			);
			runOnlyForDeploymentPostprocessing = 0;
		};
/* End PBXSourcesBuildPhase section */

/* Begin PBXVariantGroup section */
		FAC98F26217631CD00CE6CEC /* Main.storyboard */ = {
			isa = PBXVariantGroup;
			children = (
				FAC98F27217631CD00CE6CEC /* Base */,
			);
			name = Main.storyboard;
			sourceTree = "<group>";
		};
		FAC98F2B217631CE00CE6CEC /* LaunchScreen.storyboard */ = {
			isa = PBXVariantGroup;
			children = (
				FAC98F2C217631CE00CE6CEC /* Base */,
			);
			name = LaunchScreen.storyboard;
			sourceTree = "<group>";
		};
/* End PBXVariantGroup section */

/* Begin XCBuildConfiguration section */
		FAC98F2F217631CE00CE6CEC /* Debug */ = {
			isa = XCBuildConfiguration;
			buildSettings = {
				ALWAYS_SEARCH_USER_PATHS = NO;
				CLANG_ANALYZER_NONNULL = YES;
				CLANG_ANALYZER_NUMBER_OBJECT_CONVERSION = YES_AGGRESSIVE;
				CLANG_CXX_LANGUAGE_STANDARD = "gnu++14";
				CLANG_CXX_LIBRARY = "libc++";
				CLANG_ENABLE_MODULES = YES;
				CLANG_ENABLE_OBJC_ARC = YES;
				CLANG_ENABLE_OBJC_WEAK = YES;
				CLANG_WARN_BLOCK_CAPTURE_AUTORELEASING = YES;
				CLANG_WARN_BOOL_CONVERSION = YES;
				CLANG_WARN_COMMA = YES;
				CLANG_WARN_CONSTANT_CONVERSION = YES;
				CLANG_WARN_DEPRECATED_OBJC_IMPLEMENTATIONS = YES;
				CLANG_WARN_DIRECT_OBJC_ISA_USAGE = YES_ERROR;
				CLANG_WARN_DOCUMENTATION_COMMENTS = YES;
				CLANG_WARN_EMPTY_BODY = YES;
				CLANG_WARN_ENUM_CONVERSION = YES;
				CLANG_WARN_INFINITE_RECURSION = YES;
				CLANG_WARN_INT_CONVERSION = YES;
				CLANG_WARN_NON_LITERAL_NULL_CONVERSION = YES;
				CLANG_WARN_OBJC_IMPLICIT_RETAIN_SELF = YES;
				CLANG_WARN_OBJC_LITERAL_CONVERSION = YES;
				CLANG_WARN_OBJC_ROOT_CLASS = YES_ERROR;
				CLANG_WARN_RANGE_LOOP_ANALYSIS = YES;
				CLANG_WARN_STRICT_PROTOTYPES = YES;
				CLANG_WARN_SUSPICIOUS_MOVE = YES;
				CLANG_WARN_UNGUARDED_AVAILABILITY = YES_AGGRESSIVE;
				CLANG_WARN_UNREACHABLE_CODE = YES;
				CLANG_WARN__DUPLICATE_METHOD_MATCH = YES;
				CODE_SIGN_IDENTITY = "iPhone Developer";
				COPY_PHASE_STRIP = NO;
				DEBUG_INFORMATION_FORMAT = dwarf;
				ENABLE_STRICT_OBJC_MSGSEND = YES;
				ENABLE_TESTABILITY = YES;
				GCC_C_LANGUAGE_STANDARD = gnu11;
				GCC_DYNAMIC_NO_PIC = NO;
				GCC_NO_COMMON_BLOCKS = YES;
				GCC_OPTIMIZATION_LEVEL = 0;
				GCC_PREPROCESSOR_DEFINITIONS = (
					"DEBUG=1",
					"$(inherited)",
				);
				GCC_WARN_64_TO_32_BIT_CONVERSION = YES;
				GCC_WARN_ABOUT_RETURN_TYPE = YES_ERROR;
				GCC_WARN_UNDECLARED_SELECTOR = YES;
				GCC_WARN_UNINITIALIZED_AUTOS = YES_AGGRESSIVE;
				GCC_WARN_UNUSED_FUNCTION = YES;
				GCC_WARN_UNUSED_VARIABLE = YES;
				IPHONEOS_DEPLOYMENT_TARGET = 11.4;
				MTL_ENABLE_DEBUG_INFO = YES;
				ONLY_ACTIVE_ARCH = YES;
				SDKROOT = iphoneos;
				SWIFT_ACTIVE_COMPILATION_CONDITIONS = DEBUG;
				SWIFT_OPTIMIZATION_LEVEL = "-Onone";
			};
			name = Debug;
		};
		FAC98F30217631CE00CE6CEC /* Release */ = {
			isa = XCBuildConfiguration;
			buildSettings = {
				ALWAYS_SEARCH_USER_PATHS = NO;
				CLANG_ANALYZER_NONNULL = YES;
				CLANG_ANALYZER_NUMBER_OBJECT_CONVERSION = YES_AGGRESSIVE;
				CLANG_CXX_LANGUAGE_STANDARD = "gnu++14";
				CLANG_CXX_LIBRARY = "libc++";
				CLANG_ENABLE_MODULES = YES;
				CLANG_ENABLE_OBJC_ARC = YES;
				CLANG_ENABLE_OBJC_WEAK = YES;
				CLANG_WARN_BLOCK_CAPTURE_AUTORELEASING = YES;
				CLANG_WARN_BOOL_CONVERSION = YES;
				CLANG_WARN_COMMA = YES;
				CLANG_WARN_CONSTANT_CONVERSION = YES;
				CLANG_WARN_DEPRECATED_OBJC_IMPLEMENTATIONS = YES;
				CLANG_WARN_DIRECT_OBJC_ISA_USAGE = YES_ERROR;
				CLANG_WARN_DOCUMENTATION_COMMENTS = YES;
				CLANG_WARN_EMPTY_BODY = YES;
				CLANG_WARN_ENUM_CONVERSION = YES;
				CLANG_WARN_INFINITE_RECURSION = YES;
				CLANG_WARN_INT_CONVERSION = YES;
				CLANG_WARN_NON_LITERAL_NULL_CONVERSION = YES;
				CLANG_WARN_OBJC_IMPLICIT_RETAIN_SELF = YES;
				CLANG_WARN_OBJC_LITERAL_CONVERSION = YES;
				CLANG_WARN_OBJC_ROOT_CLASS = YES_ERROR;
				CLANG_WARN_RANGE_LOOP_ANALYSIS = YES;
				CLANG_WARN_STRICT_PROTOTYPES = YES;
				CLANG_WARN_SUSPICIOUS_MOVE = YES;
				CLANG_WARN_UNGUARDED_AVAILABILITY = YES_AGGRESSIVE;
				CLANG_WARN_UNREACHABLE_CODE = YES;
				CLANG_WARN__DUPLICATE_METHOD_MATCH = YES;
				CODE_SIGN_IDENTITY = "iPhone Developer";
				COPY_PHASE_STRIP = NO;
				DEBUG_INFORMATION_FORMAT = "dwarf-with-dsym";
				ENABLE_NS_ASSERTIONS = NO;
				ENABLE_STRICT_OBJC_MSGSEND = YES;
				GCC_C_LANGUAGE_STANDARD = gnu11;
				GCC_NO_COMMON_BLOCKS = YES;
				GCC_WARN_64_TO_32_BIT_CONVERSION = YES;
				GCC_WARN_ABOUT_RETURN_TYPE = YES_ERROR;
				GCC_WARN_UNDECLARED_SELECTOR = YES;
				GCC_WARN_UNINITIALIZED_AUTOS = YES_AGGRESSIVE;
				GCC_WARN_UNUSED_FUNCTION = YES;
				GCC_WARN_UNUSED_VARIABLE = YES;
				IPHONEOS_DEPLOYMENT_TARGET = 11.4;
				MTL_ENABLE_DEBUG_INFO = NO;
				SDKROOT = iphoneos;
				SWIFT_COMPILATION_MODE = wholemodule;
				SWIFT_OPTIMIZATION_LEVEL = "-O";
				VALIDATE_PRODUCT = YES;
			};
			name = Release;
		};
		FAC98F32217631CE00CE6CEC /* Debug */ = {
			isa = XCBuildConfiguration;
			buildSettings = {
				ASSETCATALOG_COMPILER_APPICON_NAME = AppIcon;
				CODE_SIGN_STYLE = Automatic;
				INFOPLIST_FILE = login2/Info.plist;
				LD_RUNPATH_SEARCH_PATHS = (
					"$(inherited)",
					"@executable_path/Frameworks",
				);
				PRODUCT_BUNDLE_IDENTIFIER = UNAM.login2;
				PRODUCT_NAME = "$(TARGET_NAME)";
				SWIFT_VERSION = 4.0;
				TARGETED_DEVICE_FAMILY = "1,2";
			};
			name = Debug;
		};
		FAC98F33217631CE00CE6CEC /* Release */ = {
			isa = XCBuildConfiguration;
			buildSettings = {
				ASSETCATALOG_COMPILER_APPICON_NAME = AppIcon;
				CODE_SIGN_STYLE = Automatic;
				INFOPLIST_FILE = login2/Info.plist;
				LD_RUNPATH_SEARCH_PATHS = (
					"$(inherited)",
					"@executable_path/Frameworks",
				);
				PRODUCT_BUNDLE_IDENTIFIER = UNAM.login2;
				PRODUCT_NAME = "$(TARGET_NAME)";
				SWIFT_VERSION = 4.0;
				TARGETED_DEVICE_FAMILY = "1,2";
			};
			name = Release;
		};
/* End XCBuildConfiguration section */

/* Begin XCConfigurationList section */
		FAC98F1A217631CC00CE6CEC /* Build configuration list for PBXProject "login2" */ = {
			isa = XCConfigurationList;
			buildConfigurations = (
				FAC98F2F217631CE00CE6CEC /* Debug */,
				FAC98F30217631CE00CE6CEC /* Release */,
			);
			defaultConfigurationIsVisible = 0;
			defaultConfigurationName = Release;
		};
		FAC98F31217631CE00CE6CEC /* Build configuration list for PBXNativeTarget "login2" */ = {
			isa = XCConfigurationList;
			buildConfigurations = (
				FAC98F32217631CE00CE6CEC /* Debug */,
				FAC98F33217631CE00CE6CEC /* Release */,
			);
			defaultConfigurationIsVisible = 0;
			defaultConfigurationName = Release;
		};
/* End XCConfigurationList section */
	};
	rootObject = FAC98F17217631CC00CE6CEC /* Project object */;
}
